{
    "_meta": {
        "hash": {
            "sha256": "687b449b5ce1d116a712a6116b6eb2eab7ffba8c38f218cf2f9eac259cac52b2"
        },
        "pipfile-spec": 6,
        "requires": {
            "python_version": "3.8"
        },
        "sources": [
            {
                "name": "pypi",
                "url": "https://pypi.org/simple",
                "verify_ssl": true
            }
        ]
    },
    "default": {
        "prettytable": {
            "hashes": [
                "sha256:09fb2c7f93e4f93e0235f05ae199ac3f16da3a251b2cfa1c7108b34ede298fa3",
                "sha256:6d465005573a5c058d4ca343449a5b28c21252b86afcdfa168cdc6a440f0b24c"
            ],
            "index": "pypi",
            "version": "==2.2.1"
        },
        "wcwidth": {
            "hashes": [
                "sha256:beb4802a9cebb9144e99086eff703a642a13d6a0052920003a230f3294bbe784",
                "sha256:c4d647b99872929fdb7bdcaa4fbe7f01413ed3d98077df798530e5b04f116c83"
            ],
            "version": "==0.2.5"
        }
    },
    "develop": {}
}
